<?xml version="1.0" encoding="utf-8"?>
<Project ToolsVersion="4.0" xmlns="http://schemas.microsoft.com/developer/msbuild/2003">
  <ItemGroup>
    <Filter Include="Source Files">
      <UniqueIdentifier>{4FC737F1-C7A5-4376-A066-2A32D752A2FF}</UniqueIdentifier>
      <Extensions>cpp;c;cc;cxx;c++;cppm;ixx;def;odl;idl;hpj;bat;asm;asmx</Extensions>
    </Filter>
    <Filter Include="Header Files">
      <UniqueIdentifier>{93995380-89BD-4b04-88EB-625FBE52EBFB}</UniqueIdentifier>
      <Extensions>h;hh;hpp;hxx;h++;hm;inl;inc;ipp;xsd</Extensions>
    </Filter>
    <Filter Include="Header Files\Hooking">
      <UniqueIdentifier>{99c03802-8c60-4d59-8213-f242df47e6c1}</UniqueIdentifier>
    </Filter>
    <Filter Include="Source Files\Hooking">
      <UniqueIdentifier>{6f3a3e63-4c2e-4825-b1a4-2ae14ceb0e86}</UniqueIdentifier>
    </Filter>
    <Filter Include="Header Files\Helpers">
      <UniqueIdentifier>{d9199d40-5e46-4731-b4cd-e77f53b7c930}</UniqueIdentifier>
    </Filter>
    <Filter Include="Source Files\Helpers">
      <UniqueIdentifier>{10cb1e39-a324-4bb8-8b2f-7a14e25cf929}</UniqueIdentifier>
    </Filter>
    <Filter Include="Header Files\Bin">
      <UniqueIdentifier>{790723db-b186-4700-ab24-4585518f8d4c}</UniqueIdentifier>
    </Filter>
  </ItemGroup>
  <ItemGroup>
    <ClCompile Include="dllmain.cpp">
      <Filter>Source Files</Filter>
    </ClCompile>
    <ClCompile Include="MinHook\hde\hde64.cpp">
      <Filter>Source Files\Hooking</Filter>
    </ClCompile>
    <ClCompile Include="MinHook\hde\hde32.cpp">
      <Filter>Source Files\Hooking</Filter>
    </ClCompile>
    <ClCompile Include="MinHook\buffer.cpp">
      <Filter>Source Files\Hooking</Filter>
    </ClCompile>
    <ClCompile Include="MinHook\trampoline.cpp">
      <Filter>Source Files\Hooking</Filter>
    </ClCompile>
    <ClCompile Include="MinHook\hook.cpp">
      <Filter>Source Files\Hooking</Filter>
    </ClCompile>
    <ClCompile Include="Install.cpp">
      <Filter>Source Files</Filter>
    </ClCompile>
    <ClCompile Include="Hooks.cpp">
      <Filter>Source Files</Filter>
    </ClCompile>
    <ClCompile Include="Utils.cpp">
      <Filter>Source Files\Helpers</Filter>
    </ClCompile>
  </ItemGroup>
  <ItemGroup>
    <ClInclude Include="MinHook\buffer.hpp">
      <Filter>Header Files\Hooking</Filter>
    </ClInclude>
    <ClInclude Include="MinHook\minhook.hpp">
      <Filter>Header Files\Hooking</Filter>
    </ClInclude>
    <ClInclude Include="MinHook\trampoline.hpp">
      <Filter>Header Files\Hooking</Filter>
    </ClInclude>
    <ClInclude Include="MinHook\hde\hde32.hpp">
      <Filter>Header Files\Hooking</Filter>
    </ClInclude>
    <ClInclude Include="MinHook\hde\hde64.hpp">
      <Filter>Header Files\Hooking</Filter>
    </ClInclude>
    <ClInclude Include="MinHook\hde\pstdint.hpp">
      <Filter>Header Files\Hooking</Filter>
    </ClInclude>
    <ClInclude Include="MinHook\hde\table32.hpp">
      <Filter>Header Files\Hooking</Filter>
    </ClInclude>
    <ClInclude Include="MinHook\hde\table64.hpp">
      <Filter>Header Files\Hooking</Filter>
    </ClInclude>
    <ClInclude Include="Install.hpp">
      <Filter>Header Files</Filter>
    </ClInclude>
    <ClInclude Include="Hooks.hpp">
      <Filter>Header Files</Filter>
    </ClInclude>
    <ClInclude Include="Utils.hpp">
      <Filter>Header Files\Helpers</Filter>
    </ClInclude>
  </ItemGroup>
</Project>